
Microsoft Visual Studio Solution File, Format Version 12.00
# Visual Studio Version 17
VisualStudioVersion = 17.13.35828.75
MinimumVisualStudioVersion = 10.0.40219.1
Project("{FAE04EC0-301F-11D3-BF4B-00C04F79EFBC}") = "EShopService", "EShopService\EShopService.csproj", "{39D6EE26-0EA5-4998-9E22-611E39692C80}"
	ProjectSection(ProjectDependencies) = postProject
		{B6D68767-D996-4031-B4C1-A7B7F209104F} = {B6D68767-D996-4031-B4C1-A7B7F209104F}
	EndProjectSection
EndProject
Project("{FAE04EC0-301F-11D3-BF4B-00C04F79EFBC}") = "EShop.Application", "EShop.Application\EShop.Application.csproj", "{B6D68767-D996-4031-B4C1-A7B7F209104F}"
	ProjectSection(ProjectDependencies) = postProject
		{3F975457-131C-4A4B-8D30-844C94D25A94} = {3F975457-131C-4A4B-8D30-844C94D25A94}
	EndProjectSection
EndProject
Project("{FAE04EC0-301F-11D3-BF4B-00C04F79EFBC}") = "EShop.Application.Tests", "EShop.Application.Tests\EShop.Application.Tests.csproj", "{936AF78D-8068-4A9E-85C4-0634CE171567}"
	ProjectSection(ProjectDependencies) = postProject
		{B6D68767-D996-4031-B4C1-A7B7F209104F} = {B6D68767-D996-4031-B4C1-A7B7F209104F}
	EndProjectSection
EndProject
Project("{FAE04EC0-301F-11D3-BF4B-00C04F79EFBC}") = "EShop.Domain", "EShop.Domain\EShop.Domain.csproj", "{3F975457-131C-4A4B-8D30-844C94D25A94}"
EndProject
Project("{FAE04EC0-301F-11D3-BF4B-00C04F79EFBC}") = "EShop.Domain.Tests", "EShop.Domain.Tests\EShop.Domain.Tests.csproj", "{1758E5CA-D19C-46E5-A78A-F2526DA0924E}"
	ProjectSection(ProjectDependencies) = postProject
		{3F975457-131C-4A4B-8D30-844C94D25A94} = {3F975457-131C-4A4B-8D30-844C94D25A94}
	EndProjectSection
EndProject
Project("{2150E333-8FDC-42A3-9474-1A3956D46DE8}") = "tests", "tests", "{02EA681E-C7D8-13C7-8484-4AC65E1B71E8}"
EndProject
Project("{FAE04EC0-301F-11D3-BF4B-00C04F79EFBC}") = "EShopService.Tests", "EShopService.Tests\EShopService.Tests.csproj", "{97B313CE-FC87-4C1D-BEE0-DAA4CBD68F72}"
	ProjectSection(ProjectDependencies) = postProject
		{39D6EE26-0EA5-4998-9E22-611E39692C80} = {39D6EE26-0EA5-4998-9E22-611E39692C80}
		{3F975457-131C-4A4B-8D30-844C94D25A94} = {3F975457-131C-4A4B-8D30-844C94D25A94}
		{B6D68767-D996-4031-B4C1-A7B7F209104F} = {B6D68767-D996-4031-B4C1-A7B7F209104F}
	EndProjectSection
EndProject
Project("{FAE04EC0-301F-11D3-BF4B-00C04F79EFBC}") = "EShopService.IntegrationTests", "EShopService.IntegrationTests\EShopService.IntegrationTests.csproj", "{29720BEB-4565-4049-8DAA-0CD0653A871E}"
	ProjectSection(ProjectDependencies) = postProject
		{39D6EE26-0EA5-4998-9E22-611E39692C80} = {39D6EE26-0EA5-4998-9E22-611E39692C80}
		{3F975457-131C-4A4B-8D30-844C94D25A94} = {3F975457-131C-4A4B-8D30-844C94D25A94}
		{B6D68767-D996-4031-B4C1-A7B7F209104F} = {B6D68767-D996-4031-B4C1-A7B7F209104F}
	EndProjectSection
EndProject
Global
	GlobalSection(SolutionConfigurationPlatforms) = preSolution
		Debug|Any CPU = Debug|Any CPU
		Release|Any CPU = Release|Any CPU
	EndGlobalSection
	GlobalSection(ProjectConfigurationPlatforms) = postSolution
		{39D6EE26-0EA5-4998-9E22-611E39692C80}.Debug|Any CPU.ActiveCfg = Debug|Any CPU
		{39D6EE26-0EA5-4998-9E22-611E39692C80}.Debug|Any CPU.Build.0 = Debug|Any CPU
		{39D6EE26-0EA5-4998-9E22-611E39692C80}.Release|Any CPU.ActiveCfg = Release|Any CPU
		{39D6EE26-0EA5-4998-9E22-611E39692C80}.Release|Any CPU.Build.0 = Release|Any CPU
		{B6D68767-D996-4031-B4C1-A7B7F209104F}.Debug|Any CPU.ActiveCfg = Debug|Any CPU
		{B6D68767-D996-4031-B4C1-A7B7F209104F}.Debug|Any CPU.Build.0 = Debug|Any CPU
		{B6D68767-D996-4031-B4C1-A7B7F209104F}.Release|Any CPU.ActiveCfg = Release|Any CPU
		{B6D68767-D996-4031-B4C1-A7B7F209104F}.Release|Any CPU.Build.0 = Release|Any CPU
		{936AF78D-8068-4A9E-85C4-0634CE171567}.Debug|Any CPU.ActiveCfg = Debug|Any CPU
		{936AF78D-8068-4A9E-85C4-0634CE171567}.Debug|Any CPU.Build.0 = Debug|Any CPU
		{936AF78D-8068-4A9E-85C4-0634CE171567}.Release|Any CPU.ActiveCfg = Release|Any CPU
		{936AF78D-8068-4A9E-85C4-0634CE171567}.Release|Any CPU.Build.0 = Release|Any CPU
		{3F975457-131C-4A4B-8D30-844C94D25A94}.Debug|Any CPU.ActiveCfg = Debug|Any CPU
		{3F975457-131C-4A4B-8D30-844C94D25A94}.Debug|Any CPU.Build.0 = Debug|Any CPU
		{3F975457-131C-4A4B-8D30-844C94D25A94}.Release|Any CPU.ActiveCfg = Release|Any CPU
		{3F975457-131C-4A4B-8D30-844C94D25A94}.Release|Any CPU.Build.0 = Release|Any CPU
		{1758E5CA-D19C-46E5-A78A-F2526DA0924E}.Debug|Any CPU.ActiveCfg = Debug|Any CPU
		{1758E5CA-D19C-46E5-A78A-F2526DA0924E}.Debug|Any CPU.Build.0 = Debug|Any CPU
		{1758E5CA-D19C-46E5-A78A-F2526DA0924E}.Release|Any CPU.ActiveCfg = Release|Any CPU
		{1758E5CA-D19C-46E5-A78A-F2526DA0924E}.Release|Any CPU.Build.0 = Release|Any CPU
		{97B313CE-FC87-4C1D-BEE0-DAA4CBD68F72}.Debug|Any CPU.ActiveCfg = Debug|Any CPU
		{97B313CE-FC87-4C1D-BEE0-DAA4CBD68F72}.Debug|Any CPU.Build.0 = Debug|Any CPU
		{97B313CE-FC87-4C1D-BEE0-DAA4CBD68F72}.Release|Any CPU.ActiveCfg = Release|Any CPU
		{97B313CE-FC87-4C1D-BEE0-DAA4CBD68F72}.Release|Any CPU.Build.0 = Release|Any CPU
		{29720BEB-4565-4049-8DAA-0CD0653A871E}.Debug|Any CPU.ActiveCfg = Debug|Any CPU
		{29720BEB-4565-4049-8DAA-0CD0653A871E}.Debug|Any CPU.Build.0 = Debug|Any CPU
		{29720BEB-4565-4049-8DAA-0CD0653A871E}.Release|Any CPU.ActiveCfg = Release|Any CPU
		{29720BEB-4565-4049-8DAA-0CD0653A871E}.Release|Any CPU.Build.0 = Release|Any CPU
	EndGlobalSection
	GlobalSection(SolutionProperties) = preSolution
		HideSolutionNode = FALSE
	EndGlobalSection
	GlobalSection(NestedProjects) = preSolution
		{936AF78D-8068-4A9E-85C4-0634CE171567} = {02EA681E-C7D8-13C7-8484-4AC65E1B71E8}
		{1758E5CA-D19C-46E5-A78A-F2526DA0924E} = {02EA681E-C7D8-13C7-8484-4AC65E1B71E8}
		{97B313CE-FC87-4C1D-BEE0-DAA4CBD68F72} = {02EA681E-C7D8-13C7-8484-4AC65E1B71E8}
		{29720BEB-4565-4049-8DAA-0CD0653A871E} = {02EA681E-C7D8-13C7-8484-4AC65E1B71E8}
	EndGlobalSection
	GlobalSection(ExtensibilityGlobals) = postSolution
		SolutionGuid = {9A0A4C9F-7043-4B8B-A728-D5AFF0E9BD9A}
	EndGlobalSection
EndGlobal
